
Microsoft Visual Studio Solution File, Format Version 12.00
# Visual Studio Version 17
VisualStudioVersion = 17.11.35312.102
MinimumVisualStudioVersion = 10.0.40219.1
Project("{FAE04EC0-301F-11D3-BF4B-00C04F79EFBC}") = "Mvc_Cv", "Mvc_Cv\Mvc_Cv.csproj", "{31320A91-ECE4-4ABD-8CCC-6CDAA4B58513}"
EndProject
Global
	GlobalSection(SolutionConfigurationPlatforms) = preSolution
		Debug|Any CPU = Debug|Any CPU
		Release|Any CPU = Release|Any CPU
	EndGlobalSection
	GlobalSection(ProjectConfigurationPlatforms) = postSolution
		{31320A91-ECE4-4ABD-8CCC-6CDAA4B58513}.Debug|Any CPU.ActiveCfg = Debug|Any CPU
		{31320A91-ECE4-4ABD-8CCC-6CDAA4B58513}.Debug|Any CPU.Build.0 = Debug|Any CPU
		{31320A91-ECE4-4ABD-8CCC-6CDAA4B58513}.Release|Any CPU.ActiveCfg = Release|Any CPU
		{31320A91-ECE4-4ABD-8CCC-6CDAA4B58513}.Release|Any CPU.Build.0 = Release|Any CPU
	EndGlobalSection
	GlobalSection(SolutionProperties) = preSolution
		HideSolutionNode = FALSE
	EndGlobalSection
	GlobalSection(ExtensibilityGlobals) = postSolution
		SolutionGuid = {9F41F9A0-FAED-4932-BF69-BA1ABADB934E}
	EndGlobalSection
EndGlobal
